Microsoft Visual Studio Solution File, Format Version 11.00
# Visual Studio 2008

Project("{EE5BCED2-52AB-77EC-8D63-3C1AFDA7C5DA}") = "Arduino", "Assembly-CSharp.csproj", "{F335E18D-1D65-DF66-00E0-C10663C656B7}"
EndProject
Global
	GlobalSection(SolutionConfigurationPlatforms) = preSolution
		Debug|Any CPU = Debug|Any CPU
		Release|Any CPU = Release|Any CPU
	EndGlobalSection
	GlobalSection(ProjectConfigurationPlatforms) = postSolution
		{F335E18D-1D65-DF66-00E0-C10663C656B7}.Debug|Any CPU.ActiveCfg = Debug|Any CPU
		{F335E18D-1D65-DF66-00E0-C10663C656B7}.Debug|Any CPU.Build.0 = Debug|Any CPU
		{F335E18D-1D65-DF66-00E0-C10663C656B7}.Release|Any CPU.ActiveCfg = Release|Any CPU
		{F335E18D-1D65-DF66-00E0-C10663C656B7}.Release|Any CPU.Build.0 = Release|Any CPU
	EndGlobalSection
	GlobalSection(SolutionProperties) = preSolution
		HideSolutionNode = FALSE
	EndGlobalSection
	GlobalSection(MonoDevelopProperties) = preSolution
		StartupItem = Assembly-CSharp.csproj
	EndGlobalSection
EndGlobal
